
Microsoft Visual Studio Solution File, Format Version 12.00
# Visual Studio Version 17
VisualStudioVersion = 17.12.35323.107
MinimumVisualStudioVersion = 10.0.40219.1
Project("{FAE04EC0-301F-11D3-BF4B-00C04F79EFBC}") = "Eccommerce.Api", "Eccommerce.Api\Eccommerce.Api.csproj", "{F5F56BD2-D213-467E-AA32-64BFBCF163A1}"
EndProject
Project("{FAE04EC0-301F-11D3-BF4B-00C04F79EFBC}") = "Eccommerce.Domain", "Eccommerce.Domain\Eccommerce.Domain.csproj", "{B9F89EF0-7611-4F40-BA5D-96AF6FEBDC76}"
EndProject
Project("{FAE04EC0-301F-11D3-BF4B-00C04F79EFBC}") = "Eccormmerce.Application", "Eccormmerce.Application\Eccormmerce.Application.csproj", "{5C2773BE-1999-4C90-8334-9B0EBDE20BA5}"
EndProject
Project("{FAE04EC0-301F-11D3-BF4B-00C04F79EFBC}") = "Eccommerce.Infrastructure", "Eccommerce.Infrastructure\Eccommerce.Infrastructure.csproj", "{D1B82FA6-7004-4EF7-91D9-DE64DDC1A43B}"
EndProject
Global
	GlobalSection(SolutionConfigurationPlatforms) = preSolution
		Debug|Any CPU = Debug|Any CPU
		Release|Any CPU = Release|Any CPU
	EndGlobalSection
	GlobalSection(ProjectConfigurationPlatforms) = postSolution
		{F5F56BD2-D213-467E-AA32-64BFBCF163A1}.Debug|Any CPU.ActiveCfg = Debug|Any CPU
		{F5F56BD2-D213-467E-AA32-64BFBCF163A1}.Debug|Any CPU.Build.0 = Debug|Any CPU
		{F5F56BD2-D213-467E-AA32-64BFBCF163A1}.Release|Any CPU.ActiveCfg = Release|Any CPU
		{F5F56BD2-D213-467E-AA32-64BFBCF163A1}.Release|Any CPU.Build.0 = Release|Any CPU
		{B9F89EF0-7611-4F40-BA5D-96AF6FEBDC76}.Debug|Any CPU.ActiveCfg = Debug|Any CPU
		{B9F89EF0-7611-4F40-BA5D-96AF6FEBDC76}.Debug|Any CPU.Build.0 = Debug|Any CPU
		{B9F89EF0-7611-4F40-BA5D-96AF6FEBDC76}.Release|Any CPU.ActiveCfg = Release|Any CPU
		{B9F89EF0-7611-4F40-BA5D-96AF6FEBDC76}.Release|Any CPU.Build.0 = Release|Any CPU
		{5C2773BE-1999-4C90-8334-9B0EBDE20BA5}.Debug|Any CPU.ActiveCfg = Debug|Any CPU
		{5C2773BE-1999-4C90-8334-9B0EBDE20BA5}.Debug|Any CPU.Build.0 = Debug|Any CPU
		{5C2773BE-1999-4C90-8334-9B0EBDE20BA5}.Release|Any CPU.ActiveCfg = Release|Any CPU
		{5C2773BE-1999-4C90-8334-9B0EBDE20BA5}.Release|Any CPU.Build.0 = Release|Any CPU
		{D1B82FA6-7004-4EF7-91D9-DE64DDC1A43B}.Debug|Any CPU.ActiveCfg = Debug|Any CPU
		{D1B82FA6-7004-4EF7-91D9-DE64DDC1A43B}.Debug|Any CPU.Build.0 = Debug|Any CPU
		{D1B82FA6-7004-4EF7-91D9-DE64DDC1A43B}.Release|Any CPU.ActiveCfg = Release|Any CPU
		{D1B82FA6-7004-4EF7-91D9-DE64DDC1A43B}.Release|Any CPU.Build.0 = Release|Any CPU
	EndGlobalSection
	GlobalSection(SolutionProperties) = preSolution
		HideSolutionNode = FALSE
	EndGlobalSection
	GlobalSection(ExtensibilityGlobals) = postSolution
		SolutionGuid = {2CE30AD3-D77F-4020-AB40-26D655AEAEC8}
	EndGlobalSection
EndGlobal
